{
    "_readme": [
        "This file locks the dependencies of your project to a known state",
        "Read more about it at https://getcomposer.org/doc/01-basic-usage.md#composer-lock-the-lock-file",
        "This file is @generated automatically"
    ],
    "content-hash": "6823e3ce78b705b8ed4771399a335b38",
    "packages": [
        {
            "name": "pascualmg/apigator",
            "version": "dev-master",
            "source": {
                "type": "git",
                "url": "https://github.com/pascualmg/ApiGatorBundle.git",
                "reference": "0df5119957082b36090fd2b4c53e92a7386cfc88"
            },
            "dist": {
                "type": "zip",
                "url": "https://api.github.com/repos/pascualmg/ApiGatorBundle/zipball/0df5119957082b36090fd2b4c53e92a7386cfc88",
                "reference": "0df5119957082b36090fd2b4c53e92a7386cfc88",
                "shasum": ""
            },
            "require": {
                "php": ">=5.5.9"
            },
            "type": "project",
            "autoload": {
                "psr-4": {
                    "": "./"
                },
                "classmap": []
            },
            "notification-url": "https://packagist.org/downloads/",
            "authors": [
                {
                    "name": "Pascual Muñoz Galián",
                    "email": "pascual.munoz@pccomponentes.com"
                }
            ],
            "description": "Symfony Service Request/Response API REST CURL client",
            "time": "2017-12-16 11:20:46"
        }
    ],
    "packages-dev": [],
    "aliases": [],
    "minimum-stability": "dev",
    "stability-flags": {
        "pascualmg/apigator": 20
    },
    "prefer-stable": false,
    "prefer-lowest": false,
    "platform": [],
    "platform-dev": []
}
